
Microsoft Visual Studio Solution File, Format Version 12.00
# Visual Studio 15
VisualStudioVersion = 15.0.28307.421
MinimumVisualStudioVersion = 10.0.40219.1
Project("{FAE04EC0-301F-11D3-BF4B-00C04F79EFBC}") = "Arduino", "Arduino\Arduino.csproj", "{3FDB5833-E285-402D-9D34-B016B5497C9F}"
EndProject
Global
	GlobalSection(SolutionConfigurationPlatforms) = preSolution
		Debug|Any CPU = Debug|Any CPU
		Release|Any CPU = Release|Any CPU
	EndGlobalSection
	GlobalSection(ProjectConfigurationPlatforms) = postSolution
		{3FDB5833-E285-402D-9D34-B016B5497C9F}.Debug|Any CPU.ActiveCfg = Debug|Any CPU
		{3FDB5833-E285-402D-9D34-B016B5497C9F}.Debug|Any CPU.Build.0 = Debug|Any CPU
		{3FDB5833-E285-402D-9D34-B016B5497C9F}.Release|Any CPU.ActiveCfg = Release|Any CPU
		{3FDB5833-E285-402D-9D34-B016B5497C9F}.Release|Any CPU.Build.0 = Release|Any CPU
	EndGlobalSection
	GlobalSection(SolutionProperties) = preSolution
		HideSolutionNode = FALSE
	EndGlobalSection
	GlobalSection(ExtensibilityGlobals) = postSolution
		SolutionGuid = {38BC81A1-72C2-4801-8949-2E6DCCFE3C27}
	EndGlobalSection
EndGlobal
